// !$*UTF8*$!
{
	archiveVersion = 1;
	classes = {
	};
	objectVersion = 46;
	objects = {

/* Begin PBXBuildFile section */
		8E34F3EE1ABF36C9008979F8 /* EpisodeDetailViewController.swift in Sources */ = {isa = PBXBuildFile; fileRef = 8E34F3ED1ABF36C9008979F8 /* EpisodeDetailViewController.swift */; };
		8E34F3F01ABF37AB008979F8 /* PatientViewController.swift in Sources */ = {isa = PBXBuildFile; fileRef = 8E34F3EF1ABF37AB008979F8 /* PatientViewController.swift */; };
		8E3AD9031AC3C59C00A5445C /* Notification.swift in Sources */ = {isa = PBXBuildFile; fileRef = 8E3AD9021AC3C59C00A5445C /* Notification.swift */; };
		8E3AD9051AC3C5C700A5445C /* ShowNotificationsController.swift in Sources */ = {isa = PBXBuildFile; fileRef = 8E3AD9041AC3C5C700A5445C /* ShowNotificationsController.swift */; };
		8E6B1DC31AC10FC0007B7980 /* Symptom.swift in Sources */ = {isa = PBXBuildFile; fileRef = 8E6B1DC21AC10FC0007B7980 /* Symptom.swift */; };
		8E863E271AC11C660072E3C5 /* ShowSymptomsController.swift in Sources */ = {isa = PBXBuildFile; fileRef = 8E863E261AC11C660072E3C5 /* ShowSymptomsController.swift */; };
		8EAC8A281ABF5F7C00AF58A2 /* Patient.swift in Sources */ = {isa = PBXBuildFile; fileRef = 8EAC8A271ABF5F7C00AF58A2 /* Patient.swift */; };
		8EAC8A2A1ABF600600AF58A2 /* Episode.swift in Sources */ = {isa = PBXBuildFile; fileRef = 8EAC8A291ABF600600AF58A2 /* Episode.swift */; };
		8EAC8A2C1ABFA24800AF58A2 /* SearchController.swift in Sources */ = {isa = PBXBuildFile; fileRef = 8EAC8A2B1ABFA24800AF58A2 /* SearchController.swift */; };
		8EAC8A2E1ABFB50100AF58A2 /* ShowResultsController.swift in Sources */ = {isa = PBXBuildFile; fileRef = 8EAC8A2D1ABFB50100AF58A2 /* ShowResultsController.swift */; };
		8EAD881C1AC396C600589CDE /* GCD.swift in Sources */ = {isa = PBXBuildFile; fileRef = 8EAD88141AC396C600589CDE /* GCD.swift */; };
		8EAD881D1AC396C600589CDE /* Net.swift in Sources */ = {isa = PBXBuildFile; fileRef = 8EAD88151AC396C600589CDE /* Net.swift */; };
		8EAD881E1AC396C600589CDE /* NetData.swift in Sources */ = {isa = PBXBuildFile; fileRef = 8EAD88161AC396C600589CDE /* NetData.swift */; };
		8EAD881F1AC396C600589CDE /* NetDownloadTask.swift in Sources */ = {isa = PBXBuildFile; fileRef = 8EAD88171AC396C600589CDE /* NetDownloadTask.swift */; };
		8EAD88201AC396C600589CDE /* NetHelper.swift in Sources */ = {isa = PBXBuildFile; fileRef = 8EAD88181AC396C600589CDE /* NetHelper.swift */; };
		8EAD88211AC396C600589CDE /* NetRequestSerialization.swift in Sources */ = {isa = PBXBuildFile; fileRef = 8EAD88191AC396C600589CDE /* NetRequestSerialization.swift */; };
		8EAD88221AC396C600589CDE /* NetResponseData.swift in Sources */ = {isa = PBXBuildFile; fileRef = 8EAD881A1AC396C600589CDE /* NetResponseData.swift */; };
		8EAD88231AC396C600589CDE /* NetUploadTask.swift in Sources */ = {isa = PBXBuildFile; fileRef = 8EAD881B1AC396C600589CDE /* NetUploadTask.swift */; };
		8EC0C9921AC1A087009D1EFF /* ShowSportsController.swift in Sources */ = {isa = PBXBuildFile; fileRef = 8EC0C9911AC1A087009D1EFF /* ShowSportsController.swift */; };
		8EC0C9941AC1A35C009D1EFF /* Sport.swift in Sources */ = {isa = PBXBuildFile; fileRef = 8EC0C9931AC1A35B009D1EFF /* Sport.swift */; };
		8EC0C9961AC1AC34009D1EFF /* ShowFoodController.swift in Sources */ = {isa = PBXBuildFile; fileRef = 8EC0C9951AC1AC34009D1EFF /* ShowFoodController.swift */; };
		8EC0C9981AC1AC78009D1EFF /* Food.swift in Sources */ = {isa = PBXBuildFile; fileRef = 8EC0C9971AC1AC78009D1EFF /* Food.swift */; };
		8EC0C99A1AC1B336009D1EFF /* Medicine.swift in Sources */ = {isa = PBXBuildFile; fileRef = 8EC0C9991AC1B336009D1EFF /* Medicine.swift */; };
		8EC0C99C1AC1B472009D1EFF /* ShowMedicinesViewController.swift in Sources */ = {isa = PBXBuildFile; fileRef = 8EC0C99B1AC1B472009D1EFF /* ShowMedicinesViewController.swift */; };
		8EC467641AC2349300FCA009 /* AddFoodToEpisodeController.swift in Sources */ = {isa = PBXBuildFile; fileRef = 8EC467631AC2349300FCA009 /* AddFoodToEpisodeController.swift */; };
		8EC467661AC23FEE00FCA009 /* AddMedicinesToEpisodeController.swift in Sources */ = {isa = PBXBuildFile; fileRef = 8EC467651AC23FEE00FCA009 /* AddMedicinesToEpisodeController.swift */; };
		8EC467681AC2427700FCA009 /* AddSportsToEpisodeController.swift in Sources */ = {isa = PBXBuildFile; fileRef = 8EC467671AC2427700FCA009 /* AddSportsToEpisodeController.swift */; };
		E54158871ABEFF33001746FF /* AppDelegate.swift in Sources */ = {isa = PBXBuildFile; fileRef = E54158861ABEFF33001746FF /* AppDelegate.swift */; };
		E54158891ABEFF33001746FF /* ViewController.swift in Sources */ = {isa = PBXBuildFile; fileRef = E54158881ABEFF33001746FF /* ViewController.swift */; };
		E541588C1ABEFF33001746FF /* Main.storyboard in Resources */ = {isa = PBXBuildFile; fileRef = E541588A1ABEFF33001746FF /* Main.storyboard */; };
		E541588E1ABEFF33001746FF /* Images.xcassets in Resources */ = {isa = PBXBuildFile; fileRef = E541588D1ABEFF33001746FF /* Images.xcassets */; };
		E54158911ABEFF33001746FF /* LaunchScreen.xib in Resources */ = {isa = PBXBuildFile; fileRef = E541588F1ABEFF33001746FF /* LaunchScreen.xib */; };
		E541589D1ABEFF33001746FF /* PacienteMovilTests.swift in Sources */ = {isa = PBXBuildFile; fileRef = E541589C1ABEFF33001746FF /* PacienteMovilTests.swift */; };
		E54158D71AC12C87001746FF /* AddEpisodeNormalController.swift in Sources */ = {isa = PBXBuildFile; fileRef = E54158D61AC12C87001746FF /* AddEpisodeNormalController.swift */; };
		E54158D91AC14282001746FF /* AddSymptomController.swift in Sources */ = {isa = PBXBuildFile; fileRef = E54158D81AC14281001746FF /* AddSymptomController.swift */; };
		E5DC62751AC2762D000277E0 /* AudioViewController.swift in Sources */ = {isa = PBXBuildFile; fileRef = E5DC62741AC2762D000277E0 /* AudioViewController.swift */; };
		E5DC62771AC27790000277E0 /* DoneViewController.swift in Sources */ = {isa = PBXBuildFile; fileRef = E5DC62761AC27790000277E0 /* DoneViewController.swift */; };
		E5DC62791AC27855000277E0 /* RecordedAudio.swift in Sources */ = {isa = PBXBuildFile; fileRef = E5DC62781AC27855000277E0 /* RecordedAudio.swift */; };
/* End PBXBuildFile section */

/* Begin PBXContainerItemProxy section */
		E54158971ABEFF33001746FF /* PBXContainerItemProxy */ = {
			isa = PBXContainerItemProxy;
			containerPortal = E54158791ABEFF33001746FF /* Project object */;
			proxyType = 1;
			remoteGlobalIDString = E54158801ABEFF33001746FF;
			remoteInfo = PacienteMovil;
		};
/* End PBXContainerItemProxy section */

/* Begin PBXFileReference section */
		8E34F3ED1ABF36C9008979F8 /* EpisodeDetailViewController.swift */ = {isa = PBXFileReference; fileEncoding = 4; lastKnownFileType = sourcecode.swift; path = EpisodeDetailViewController.swift; sourceTree = "<group>"; };
		8E34F3EF1ABF37AB008979F8 /* PatientViewController.swift */ = {isa = PBXFileReference; fileEncoding = 4; lastKnownFileType = sourcecode.swift; path = PatientViewController.swift; sourceTree = "<group>"; };
		8E3AD9021AC3C59C00A5445C /* Notification.swift */ = {isa = PBXFileReference; fileEncoding = 4; lastKnownFileType = sourcecode.swift; path = Notification.swift; sourceTree = "<group>"; };
		8E3AD9041AC3C5C700A5445C /* ShowNotificationsController.swift */ = {isa = PBXFileReference; fileEncoding = 4; lastKnownFileType = sourcecode.swift; path = ShowNotificationsController.swift; sourceTree = "<group>"; };
		8E6B1DC21AC10FC0007B7980 /* Symptom.swift */ = {isa = PBXFileReference; fileEncoding = 4; lastKnownFileType = sourcecode.swift; path = Symptom.swift; sourceTree = "<group>"; };
		8E863E261AC11C660072E3C5 /* ShowSymptomsController.swift */ = {isa = PBXFileReference; fileEncoding = 4; lastKnownFileType = sourcecode.swift; path = ShowSymptomsController.swift; sourceTree = "<group>"; };
		8EAC8A271ABF5F7C00AF58A2 /* Patient.swift */ = {isa = PBXFileReference; fileEncoding = 4; lastKnownFileType = sourcecode.swift; path = Patient.swift; sourceTree = "<group>"; };
		8EAC8A291ABF600600AF58A2 /* Episode.swift */ = {isa = PBXFileReference; fileEncoding = 4; lastKnownFileType = sourcecode.swift; path = Episode.swift; sourceTree = "<group>"; };
		8EAC8A2B1ABFA24800AF58A2 /* SearchController.swift */ = {isa = PBXFileReference; fileEncoding = 4; lastKnownFileType = sourcecode.swift; path = SearchController.swift; sourceTree = "<group>"; };
		8EAC8A2D1ABFB50100AF58A2 /* ShowResultsController.swift */ = {isa = PBXFileReference; fileEncoding = 4; lastKnownFileType = sourcecode.swift; path = ShowResultsController.swift; sourceTree = "<group>"; };
		8EAD88141AC396C600589CDE /* GCD.swift */ = {isa = PBXFileReference; fileEncoding = 4; lastKnownFileType = sourcecode.swift; path = GCD.swift; sourceTree = "<group>"; };
		8EAD88151AC396C600589CDE /* Net.swift */ = {isa = PBXFileReference; fileEncoding = 4; lastKnownFileType = sourcecode.swift; path = Net.swift; sourceTree = "<group>"; };
		8EAD88161AC396C600589CDE /* NetData.swift */ = {isa = PBXFileReference; fileEncoding = 4; lastKnownFileType = sourcecode.swift; path = NetData.swift; sourceTree = "<group>"; };
		8EAD88171AC396C600589CDE /* NetDownloadTask.swift */ = {isa = PBXFileReference; fileEncoding = 4; lastKnownFileType = sourcecode.swift; path = NetDownloadTask.swift; sourceTree = "<group>"; };
		8EAD88181AC396C600589CDE /* NetHelper.swift */ = {isa = PBXFileReference; fileEncoding = 4; lastKnownFileType = sourcecode.swift; path = NetHelper.swift; sourceTree = "<group>"; };
		8EAD88191AC396C600589CDE /* NetRequestSerialization.swift */ = {isa = PBXFileReference; fileEncoding = 4; lastKnownFileType = sourcecode.swift; path = NetRequestSerialization.swift; sourceTree = "<group>"; };
		8EAD881A1AC396C600589CDE /* NetResponseData.swift */ = {isa = PBXFileReference; fileEncoding = 4; lastKnownFileType = sourcecode.swift; path = NetResponseData.swift; sourceTree = "<group>"; };
		8EAD881B1AC396C600589CDE /* NetUploadTask.swift */ = {isa = PBXFileReference; fileEncoding = 4; lastKnownFileType = sourcecode.swift; path = NetUploadTask.swift; sourceTree = "<group>"; };
		8EC0C9911AC1A087009D1EFF /* ShowSportsController.swift */ = {isa = PBXFileReference; fileEncoding = 4; lastKnownFileType = sourcecode.swift; path = ShowSportsController.swift; sourceTree = "<group>"; };
		8EC0C9931AC1A35B009D1EFF /* Sport.swift */ = {isa = PBXFileReference; fileEncoding = 4; lastKnownFileType = sourcecode.swift; path = Sport.swift; sourceTree = "<group>"; };
		8EC0C9951AC1AC34009D1EFF /* ShowFoodController.swift */ = {isa = PBXFileReference; fileEncoding = 4; lastKnownFileType = sourcecode.swift; path = ShowFoodController.swift; sourceTree = "<group>"; };
		8EC0C9971AC1AC78009D1EFF /* Food.swift */ = {isa = PBXFileReference; fileEncoding = 4; lastKnownFileType = sourcecode.swift; path = Food.swift; sourceTree = "<group>"; };
		8EC0C9991AC1B336009D1EFF /* Medicine.swift */ = {isa = PBXFileReference; fileEncoding = 4; lastKnownFileType = sourcecode.swift; path = Medicine.swift; sourceTree = "<group>"; };
		8EC0C99B1AC1B472009D1EFF /* ShowMedicinesViewController.swift */ = {isa = PBXFileReference; fileEncoding = 4; lastKnownFileType = sourcecode.swift; path = ShowMedicinesViewController.swift; sourceTree = "<group>"; };
		8EC467631AC2349300FCA009 /* AddFoodToEpisodeController.swift */ = {isa = PBXFileReference; fileEncoding = 4; lastKnownFileType = sourcecode.swift; path = AddFoodToEpisodeController.swift; sourceTree = "<group>"; };
		8EC467651AC23FEE00FCA009 /* AddMedicinesToEpisodeController.swift */ = {isa = PBXFileReference; fileEncoding = 4; lastKnownFileType = sourcecode.swift; path = AddMedicinesToEpisodeController.swift; sourceTree = "<group>"; };
		8EC467671AC2427700FCA009 /* AddSportsToEpisodeController.swift */ = {isa = PBXFileReference; fileEncoding = 4; lastKnownFileType = sourcecode.swift; path = AddSportsToEpisodeController.swift; sourceTree = "<group>"; };
		E54158811ABEFF33001746FF /* PacienteMovil.app */ = {isa = PBXFileReference; explicitFileType = wrapper.application; includeInIndex = 0; path = PacienteMovil.app; sourceTree = BUILT_PRODUCTS_DIR; };
		E54158851ABEFF33001746FF /* Info.plist */ = {isa = PBXFileReference; lastKnownFileType = text.plist.xml; path = Info.plist; sourceTree = "<group>"; };
		E54158861ABEFF33001746FF /* AppDelegate.swift */ = {isa = PBXFileReference; lastKnownFileType = sourcecode.swift; path = AppDelegate.swift; sourceTree = "<group>"; };
		E54158881ABEFF33001746FF /* ViewController.swift */ = {isa = PBXFileReference; lastKnownFileType = sourcecode.swift; path = ViewController.swift; sourceTree = "<group>"; };
		E541588B1ABEFF33001746FF /* Base */ = {isa = PBXFileReference; lastKnownFileType = file.storyboard; name = Base; path = Base.lproj/Main.storyboard; sourceTree = "<group>"; };
		E541588D1ABEFF33001746FF /* Images.xcassets */ = {isa = PBXFileReference; lastKnownFileType = folder.assetcatalog; path = Images.xcassets; sourceTree = "<group>"; };
		E54158901ABEFF33001746FF /* Base */ = {isa = PBXFileReference; lastKnownFileType = file.xib; name = Base; path = Base.lproj/LaunchScreen.xib; sourceTree = "<group>"; };
		E54158961ABEFF33001746FF /* PacienteMovilTests.xctest */ = {isa = PBXFileReference; explicitFileType = wrapper.cfbundle; includeInIndex = 0; path = PacienteMovilTests.xctest; sourceTree = BUILT_PRODUCTS_DIR; };
		E541589B1ABEFF33001746FF /* Info.plist */ = {isa = PBXFileReference; lastKnownFileType = text.plist.xml; path = Info.plist; sourceTree = "<group>"; };
		E541589C1ABEFF33001746FF /* PacienteMovilTests.swift */ = {isa = PBXFileReference; lastKnownFileType = sourcecode.swift; path = PacienteMovilTests.swift; sourceTree = "<group>"; };
		E54158D61AC12C87001746FF /* AddEpisodeNormalController.swift */ = {isa = PBXFileReference; fileEncoding = 4; lastKnownFileType = sourcecode.swift; name = AddEpisodeNormalController.swift; path = ../AddEpisodeNormalController.swift; sourceTree = "<group>"; };
		E54158D81AC14281001746FF /* AddSymptomController.swift */ = {isa = PBXFileReference; fileEncoding = 4; lastKnownFileType = sourcecode.swift; name = AddSymptomController.swift; path = ../AddSymptomController.swift; sourceTree = "<group>"; };
		E5DC62741AC2762D000277E0 /* AudioViewController.swift */ = {isa = PBXFileReference; fileEncoding = 4; lastKnownFileType = sourcecode.swift; path = AudioViewController.swift; sourceTree = "<group>"; };
		E5DC62761AC27790000277E0 /* DoneViewController.swift */ = {isa = PBXFileReference; fileEncoding = 4; lastKnownFileType = sourcecode.swift; path = DoneViewController.swift; sourceTree = "<group>"; };
		E5DC62781AC27855000277E0 /* RecordedAudio.swift */ = {isa = PBXFileReference; fileEncoding = 4; lastKnownFileType = sourcecode.swift; path = RecordedAudio.swift; sourceTree = "<group>"; };
/* End PBXFileReference section */

/* Begin PBXFrameworksBuildPhase section */
		E541587E1ABEFF33001746FF /* Frameworks */ = {
			isa = PBXFrameworksBuildPhase;
			buildActionMask = 2147483647;
			files = (
			);
			runOnlyForDeploymentPostprocessing = 0;
		};
		E54158931ABEFF33001746FF /* Frameworks */ = {
			isa = PBXFrameworksBuildPhase;
			buildActionMask = 2147483647;
			files = (
			);
			runOnlyForDeploymentPostprocessing = 0;
		};
/* End PBXFrameworksBuildPhase section */

/* Begin PBXGroup section */
		8EAD88131AC3968C00589CDE /* Net */ = {
			isa = PBXGroup;
			children = (
				8EAD88141AC396C600589CDE /* GCD.swift */,
				8EAD88151AC396C600589CDE /* Net.swift */,
				8EAD88161AC396C600589CDE /* NetData.swift */,
				8EAD88171AC396C600589CDE /* NetDownloadTask.swift */,
				8EAD88181AC396C600589CDE /* NetHelper.swift */,
				8EAD88191AC396C600589CDE /* NetRequestSerialization.swift */,
				8EAD881A1AC396C600589CDE /* NetResponseData.swift */,
				8EAD881B1AC396C600589CDE /* NetUploadTask.swift */,
			);
			name = Net;
			sourceTree = "<group>";
		};
		E54158781ABEFF33001746FF = {
			isa = PBXGroup;
			children = (
				E54158831ABEFF33001746FF /* PacienteMovil */,
				E54158991ABEFF33001746FF /* PacienteMovilTests */,
				E54158821ABEFF33001746FF /* Products */,
			);
			sourceTree = "<group>";
		};
		E54158821ABEFF33001746FF /* Products */ = {
			isa = PBXGroup;
			children = (
				E54158811ABEFF33001746FF /* PacienteMovil.app */,
				E54158961ABEFF33001746FF /* PacienteMovilTests.xctest */,
			);
			name = Products;
			sourceTree = "<group>";
		};
		E54158831ABEFF33001746FF /* PacienteMovil */ = {
			isa = PBXGroup;
			children = (
				E54158861ABEFF33001746FF /* AppDelegate.swift */,
				E54158D61AC12C87001746FF /* AddEpisodeNormalController.swift */,
				8EC467631AC2349300FCA009 /* AddFoodToEpisodeController.swift */,
				8EC467651AC23FEE00FCA009 /* AddMedicinesToEpisodeController.swift */,
				8EC467671AC2427700FCA009 /* AddSportsToEpisodeController.swift */,
				E54158D81AC14281001746FF /* AddSymptomController.swift */,
				E5DC62741AC2762D000277E0 /* AudioViewController.swift */,
				E5DC62761AC27790000277E0 /* DoneViewController.swift */,
				8EAC8A291ABF600600AF58A2 /* Episode.swift */,
				8E34F3ED1ABF36C9008979F8 /* EpisodeDetailViewController.swift */,
				8EC0C9971AC1AC78009D1EFF /* Food.swift */,
				8EC0C9991AC1B336009D1EFF /* Medicine.swift */,
				8E3AD9021AC3C59C00A5445C /* Notification.swift */,
				8EAC8A271ABF5F7C00AF58A2 /* Patient.swift */,
				8E34F3EF1ABF37AB008979F8 /* PatientViewController.swift */,
				E5DC62781AC27855000277E0 /* RecordedAudio.swift */,
				8EAC8A2B1ABFA24800AF58A2 /* SearchController.swift */,
				8EC0C9951AC1AC34009D1EFF /* ShowFoodController.swift */,
				8EC0C99B1AC1B472009D1EFF /* ShowMedicinesViewController.swift */,
				8E3AD9041AC3C5C700A5445C /* ShowNotificationsController.swift */,
				8EAC8A2D1ABFB50100AF58A2 /* ShowResultsController.swift */,
				8EC0C9911AC1A087009D1EFF /* ShowSportsController.swift */,
				8E863E261AC11C660072E3C5 /* ShowSymptomsController.swift */,
				8EC0C9931AC1A35B009D1EFF /* Sport.swift */,
				8E6B1DC21AC10FC0007B7980 /* Symptom.swift */,
				E54158881ABEFF33001746FF /* ViewController.swift */,
				E541588A1ABEFF33001746FF /* Main.storyboard */,
				E541588D1ABEFF33001746FF /* Images.xcassets */,
				E541588F1ABEFF33001746FF /* LaunchScreen.xib */,
				E54158841ABEFF33001746FF /* Supporting Files */,
			);
			path = PacienteMovil;
			sourceTree = "<group>";
		};
		E54158841ABEFF33001746FF /* Supporting Files */ = {
			isa = PBXGroup;
			children = (
				8EAD88131AC3968C00589CDE /* Net */,
				E54158851ABEFF33001746FF /* Info.plist */,
			);
			name = "Supporting Files";
			sourceTree = "<group>";
		};
		E54158991ABEFF33001746FF /* PacienteMovilTests */ = {
			isa = PBXGroup;
			children = (
				E541589C1ABEFF33001746FF /* PacienteMovilTests.swift */,
				E541589A1ABEFF33001746FF /* Supporting Files */,
			);
			path = PacienteMovilTests;
			sourceTree = "<group>";
		};
		E541589A1ABEFF33001746FF /* Supporting Files */ = {
			isa = PBXGroup;
			children = (
				E541589B1ABEFF33001746FF /* Info.plist */,
			);
			name = "Supporting Files";
			sourceTree = "<group>";
		};
/* End PBXGroup section */

/* Begin PBXNativeTarget section */
		E54158801ABEFF33001746FF /* PacienteMovil */ = {
			isa = PBXNativeTarget;
			buildConfigurationList = E54158A01ABEFF33001746FF /* Build configuration list for PBXNativeTarget "PacienteMovil" */;
			buildPhases = (
				E541587D1ABEFF33001746FF /* Sources */,
				E541587E1ABEFF33001746FF /* Frameworks */,
				E541587F1ABEFF33001746FF /* Resources */,
			);
			buildRules = (
			);
			dependencies = (
			);
			name = PacienteMovil;
			productName = PacienteMovil;
			productReference = E54158811ABEFF33001746FF /* PacienteMovil.app */;
			productType = "com.apple.product-type.application";
		};
		E54158951ABEFF33001746FF /* PacienteMovilTests */ = {
			isa = PBXNativeTarget;
			buildConfigurationList = E54158A31ABEFF33001746FF /* Build configuration list for PBXNativeTarget "PacienteMovilTests" */;
			buildPhases = (
				E54158921ABEFF33001746FF /* Sources */,
				E54158931ABEFF33001746FF /* Frameworks */,
				E54158941ABEFF33001746FF /* Resources */,
			);
			buildRules = (
			);
			dependencies = (
				E54158981ABEFF33001746FF /* PBXTargetDependency */,
			);
			name = PacienteMovilTests;
			productName = PacienteMovilTests;
			productReference = E54158961ABEFF33001746FF /* PacienteMovilTests.xctest */;
			productType = "com.apple.product-type.bundle.unit-test";
		};
/* End PBXNativeTarget section */

/* Begin PBXProject section */
		E54158791ABEFF33001746FF /* Project object */ = {
			isa = PBXProject;
			attributes = {
				LastUpgradeCheck = 0620;
				ORGANIZATIONNAME = com.aura;
				TargetAttributes = {
					E54158801ABEFF33001746FF = {
						CreatedOnToolsVersion = 6.2;
					};
					E54158951ABEFF33001746FF = {
						CreatedOnToolsVersion = 6.2;
						TestTargetID = E54158801ABEFF33001746FF;
					};
				};
			};
			buildConfigurationList = E541587C1ABEFF33001746FF /* Build configuration list for PBXProject "PacienteMovil" */;
			compatibilityVersion = "Xcode 3.2";
			developmentRegion = English;
			hasScannedForEncodings = 0;
			knownRegions = (
				en,
				Base,
			);
			mainGroup = E54158781ABEFF33001746FF;
			productRefGroup = E54158821ABEFF33001746FF /* Products */;
			projectDirPath = "";
			projectRoot = "";
			targets = (
				E54158801ABEFF33001746FF /* PacienteMovil */,
				E54158951ABEFF33001746FF /* PacienteMovilTests */,
			);
		};
/* End PBXProject section */

/* Begin PBXResourcesBuildPhase section */
		E541587F1ABEFF33001746FF /* Resources */ = {
			isa = PBXResourcesBuildPhase;
			buildActionMask = 2147483647;
			files = (
				E541588C1ABEFF33001746FF /* Main.storyboard in Resources */,
				E54158911ABEFF33001746FF /* LaunchScreen.xib in Resources */,
				E541588E1ABEFF33001746FF /* Images.xcassets in Resources */,
			);
			runOnlyForDeploymentPostprocessing = 0;
		};
		E54158941ABEFF33001746FF /* Resources */ = {
			isa = PBXResourcesBuildPhase;
			buildActionMask = 2147483647;
			files = (
			);
			runOnlyForDeploymentPostprocessing = 0;
		};
/* End PBXResourcesBuildPhase section */

/* Begin PBXSourcesBuildPhase section */
		E541587D1ABEFF33001746FF /* Sources */ = {
			isa = PBXSourcesBuildPhase;
			buildActionMask = 2147483647;
			files = (
				E5DC62791AC27855000277E0 /* RecordedAudio.swift in Sources */,
				8EC0C9941AC1A35C009D1EFF /* Sport.swift in Sources */,
				8EAD881F1AC396C600589CDE /* NetDownloadTask.swift in Sources */,
				8EC0C99A1AC1B336009D1EFF /* Medicine.swift in Sources */,
				E54158891ABEFF33001746FF /* ViewController.swift in Sources */,
				8E3AD9051AC3C5C700A5445C /* ShowNotificationsController.swift in Sources */,
				E5DC62771AC27790000277E0 /* DoneViewController.swift in Sources */,
				8EAC8A2A1ABF600600AF58A2 /* Episode.swift in Sources */,
				E54158D71AC12C87001746FF /* AddEpisodeNormalController.swift in Sources */,
				8E3AD9031AC3C59C00A5445C /* Notification.swift in Sources */,
				8E34F3F01ABF37AB008979F8 /* PatientViewController.swift in Sources */,
				8EAC8A2C1ABFA24800AF58A2 /* SearchController.swift in Sources */,
				8EAD881E1AC396C600589CDE /* NetData.swift in Sources */,
				8EC467641AC2349300FCA009 /* AddFoodToEpisodeController.swift in Sources */,
				8EC0C9961AC1AC34009D1EFF /* ShowFoodController.swift in Sources */,
				8EAD88231AC396C600589CDE /* NetUploadTask.swift in Sources */,
				8EC467681AC2427700FCA009 /* AddSportsToEpisodeController.swift in Sources */,
				8E34F3EE1ABF36C9008979F8 /* EpisodeDetailViewController.swift in Sources */,
				8EC0C99C1AC1B472009D1EFF /* ShowMedicinesViewController.swift in Sources */,
				8EAC8A2E1ABFB50100AF58A2 /* ShowResultsController.swift in Sources */,
				8EAD881D1AC396C600589CDE /* Net.swift in Sources */,
				8EAD88201AC396C600589CDE /* NetHelper.swift in Sources */,
				8EAD881C1AC396C600589CDE /* GCD.swift in Sources */,
				E54158D91AC14282001746FF /* AddSymptomController.swift in Sources */,
				E54158871ABEFF33001746FF /* AppDelegate.swift in Sources */,
				8EAD88221AC396C600589CDE /* NetResponseData.swift in Sources */,
				8EAD88211AC396C600589CDE /* NetRequestSerialization.swift in Sources */,
				8EC0C9921AC1A087009D1EFF /* ShowSportsController.swift in Sources */,
				8E6B1DC31AC10FC0007B7980 /* Symptom.swift in Sources */,
				8EC0C9981AC1AC78009D1EFF /* Food.swift in Sources */,
				8E863E271AC11C660072E3C5 /* ShowSymptomsController.swift in Sources */,
				E5DC62751AC2762D000277E0 /* AudioViewController.swift in Sources */,
				8EC467661AC23FEE00FCA009 /* AddMedicinesToEpisodeController.swift in Sources */,
				8EAC8A281ABF5F7C00AF58A2 /* Patient.swift in Sources */,
			);
			runOnlyForDeploymentPostprocessing = 0;
		};
		E54158921ABEFF33001746FF /* Sources */ = {
			isa = PBXSourcesBuildPhase;
			buildActionMask = 2147483647;
			files = (
				E541589D1ABEFF33001746FF /* PacienteMovilTests.swift in Sources */,
			);
			runOnlyForDeploymentPostprocessing = 0;
		};
/* End PBXSourcesBuildPhase section */

/* Begin PBXTargetDependency section */
		E54158981ABEFF33001746FF /* PBXTargetDependency */ = {
			isa = PBXTargetDependency;
			target = E54158801ABEFF33001746FF /* PacienteMovil */;
			targetProxy = E54158971ABEFF33001746FF /* PBXContainerItemProxy */;
		};
/* End PBXTargetDependency section */

/* Begin PBXVariantGroup section */
		E541588A1ABEFF33001746FF /* Main.storyboard */ = {
			isa = PBXVariantGroup;
			children = (
				E541588B1ABEFF33001746FF /* Base */,
			);
			name = Main.storyboard;
			sourceTree = "<group>";
		};
		E541588F1ABEFF33001746FF /* LaunchScreen.xib */ = {
			isa = PBXVariantGroup;
			children = (
				E54158901ABEFF33001746FF /* Base */,
			);
			name = LaunchScreen.xib;
			sourceTree = "<group>";
		};
/* End PBXVariantGroup section */

/* Begin XCBuildConfiguration section */
		E541589E1ABEFF33001746FF /* Debug */ = {
			isa = XCBuildConfiguration;
			buildSettings = {
				ALWAYS_SEARCH_USER_PATHS = NO;
				CLANG_CXX_LANGUAGE_STANDARD = "gnu++0x";
				CLANG_CXX_LIBRARY = "libc++";
				CLANG_ENABLE_MODULES = YES;
				CLANG_ENABLE_OBJC_ARC = YES;
				CLANG_WARN_BOOL_CONVERSION = YES;
				CLANG_WARN_CONSTANT_CONVERSION = YES;
				CLANG_WARN_DIRECT_OBJC_ISA_USAGE = YES_ERROR;
				CLANG_WARN_EMPTY_BODY = YES;
				CLANG_WARN_ENUM_CONVERSION = YES;
				CLANG_WARN_INT_CONVERSION = YES;
				CLANG_WARN_OBJC_ROOT_CLASS = YES_ERROR;
				CLANG_WARN_UNREACHABLE_CODE = YES;
				CLANG_WARN__DUPLICATE_METHOD_MATCH = YES;
				"CODE_SIGN_IDENTITY[sdk=iphoneos*]" = "iPhone Developer";
				COPY_PHASE_STRIP = NO;
				ENABLE_STRICT_OBJC_MSGSEND = YES;
				GCC_C_LANGUAGE_STANDARD = gnu99;
				GCC_DYNAMIC_NO_PIC = NO;
				GCC_OPTIMIZATION_LEVEL = 0;
				GCC_PREPROCESSOR_DEFINITIONS = (
					"DEBUG=1",
					"$(inherited)",
				);
				GCC_SYMBOLS_PRIVATE_EXTERN = NO;
				GCC_WARN_64_TO_32_BIT_CONVERSION = YES;
				GCC_WARN_ABOUT_RETURN_TYPE = YES_ERROR;
				GCC_WARN_UNDECLARED_SELECTOR = YES;
				GCC_WARN_UNINITIALIZED_AUTOS = YES_AGGRESSIVE;
				GCC_WARN_UNUSED_FUNCTION = YES;
				GCC_WARN_UNUSED_VARIABLE = YES;
				IPHONEOS_DEPLOYMENT_TARGET = 8.2;
				MTL_ENABLE_DEBUG_INFO = YES;
				ONLY_ACTIVE_ARCH = YES;
				SDKROOT = iphoneos;
				SWIFT_OPTIMIZATION_LEVEL = "-Onone";
			};
			name = Debug;
		};
		E541589F1ABEFF33001746FF /* Release */ = {
			isa = XCBuildConfiguration;
			buildSettings = {
				ALWAYS_SEARCH_USER_PATHS = NO;
				CLANG_CXX_LANGUAGE_STANDARD = "gnu++0x";
				CLANG_CXX_LIBRARY = "libc++";
				CLANG_ENABLE_MODULES = YES;
				CLANG_ENABLE_OBJC_ARC = YES;
				CLANG_WARN_BOOL_CONVERSION = YES;
				CLANG_WARN_CONSTANT_CONVERSION = YES;
				CLANG_WARN_DIRECT_OBJC_ISA_USAGE = YES_ERROR;
				CLANG_WARN_EMPTY_BODY = YES;
				CLANG_WARN_ENUM_CONVERSION = YES;
				CLANG_WARN_INT_CONVERSION = YES;
				CLANG_WARN_OBJC_ROOT_CLASS = YES_ERROR;
				CLANG_WARN_UNREACHABLE_CODE = YES;
				CLANG_WARN__DUPLICATE_METHOD_MATCH = YES;
				"CODE_SIGN_IDENTITY[sdk=iphoneos*]" = "iPhone Developer";
				COPY_PHASE_STRIP = NO;
				ENABLE_NS_ASSERTIONS = NO;
				ENABLE_STRICT_OBJC_MSGSEND = YES;
				GCC_C_LANGUAGE_STANDARD = gnu99;
				GCC_WARN_64_TO_32_BIT_CONVERSION = YES;
				GCC_WARN_ABOUT_RETURN_TYPE = YES_ERROR;
				GCC_WARN_UNDECLARED_SELECTOR = YES;
				GCC_WARN_UNINITIALIZED_AUTOS = YES_AGGRESSIVE;
				GCC_WARN_UNUSED_FUNCTION = YES;
				GCC_WARN_UNUSED_VARIABLE = YES;
				IPHONEOS_DEPLOYMENT_TARGET = 8.2;
				MTL_ENABLE_DEBUG_INFO = NO;
				SDKROOT = iphoneos;
				VALIDATE_PRODUCT = YES;
			};
			name = Release;
		};
		E54158A11ABEFF33001746FF /* Debug */ = {
			isa = XCBuildConfiguration;
			buildSettings = {
				ASSETCATALOG_COMPILER_APPICON_NAME = AppIcon;
				INFOPLIST_FILE = PacienteMovil/Info.plist;
				LD_RUNPATH_SEARCH_PATHS = "$(inherited) @executable_path/Frameworks";
				PRODUCT_NAME = "$(TARGET_NAME)";
			};
			name = Debug;
		};
		E54158A21ABEFF33001746FF /* Release */ = {
			isa = XCBuildConfiguration;
			buildSettings = {
				ASSETCATALOG_COMPILER_APPICON_NAME = AppIcon;
				INFOPLIST_FILE = PacienteMovil/Info.plist;
				LD_RUNPATH_SEARCH_PATHS = "$(inherited) @executable_path/Frameworks";
				PRODUCT_NAME = "$(TARGET_NAME)";
			};
			name = Release;
		};
		E54158A41ABEFF33001746FF /* Debug */ = {
			isa = XCBuildConfiguration;
			buildSettings = {
				BUNDLE_LOADER = "$(TEST_HOST)";
				FRAMEWORK_SEARCH_PATHS = (
					"$(SDKROOT)/Developer/Library/Frameworks",
					"$(inherited)",
				);
				GCC_PREPROCESSOR_DEFINITIONS = (
					"DEBUG=1",
					"$(inherited)",
				);
				INFOPLIST_FILE = PacienteMovilTests/Info.plist;
				LD_RUNPATH_SEARCH_PATHS = "$(inherited) @executable_path/Frameworks @loader_path/Frameworks";
				PRODUCT_NAME = "$(TARGET_NAME)";
				TEST_HOST = "$(BUILT_PRODUCTS_DIR)/PacienteMovil.app/PacienteMovil";
			};
			name = Debug;
		};
		E54158A51ABEFF33001746FF /* Release */ = {
			isa = XCBuildConfiguration;
			buildSettings = {
				BUNDLE_LOADER = "$(TEST_HOST)";
				FRAMEWORK_SEARCH_PATHS = (
					"$(SDKROOT)/Developer/Library/Frameworks",
					"$(inherited)",
				);
				INFOPLIST_FILE = PacienteMovilTests/Info.plist;
				LD_RUNPATH_SEARCH_PATHS = "$(inherited) @executable_path/Frameworks @loader_path/Frameworks";
				PRODUCT_NAME = "$(TARGET_NAME)";
				TEST_HOST = "$(BUILT_PRODUCTS_DIR)/PacienteMovil.app/PacienteMovil";
			};
			name = Release;
		};
/* End XCBuildConfiguration section */

/* Begin XCConfigurationList section */
		E541587C1ABEFF33001746FF /* Build configuration list for PBXProject "PacienteMovil" */ = {
			isa = XCConfigurationList;
			buildConfigurations = (
				E541589E1ABEFF33001746FF /* Debug */,
				E541589F1ABEFF33001746FF /* Release */,
			);
			defaultConfigurationIsVisible = 0;
			defaultConfigurationName = Release;
		};
		E54158A01ABEFF33001746FF /* Build configuration list for PBXNativeTarget "PacienteMovil" */ = {
			isa = XCConfigurationList;
			buildConfigurations = (
				E54158A11ABEFF33001746FF /* Debug */,
				E54158A21ABEFF33001746FF /* Release */,
			);
			defaultConfigurationIsVisible = 0;
			defaultConfigurationName = Release;
		};
		E54158A31ABEFF33001746FF /* Build configuration list for PBXNativeTarget "PacienteMovilTests" */ = {
			isa = XCConfigurationList;
			buildConfigurations = (
				E54158A41ABEFF33001746FF /* Debug */,
				E54158A51ABEFF33001746FF /* Release */,
			);
			defaultConfigurationIsVisible = 0;
			defaultConfigurationName = Release;
		};
/* End XCConfigurationList section */
	};
	rootObject = E54158791ABEFF33001746FF /* Project object */;
}
